{
  "name": "@fourtune-types/realm-js-and-web",
  "version": "0.0.1",
  "lockfileVersion": 3,
  "requires": true,
  "packages": {
    "": {
      "name": "@fourtune-types/realm-js-and-web",
      "version": "0.0.1",
      "license": "MIT",
      "devDependencies": {
        "@fourtune-types/fourtune": "^0.0.2",
        "@fourtune/core": "^0.1101.0",
        "@fourtune/realm-js": "^0.31010.0",
        "fourtune": "^0.30000.1"
      }
    },
    "node_modules/@anio-js-foundation/str-colorize": {
      "version": "2.1.0",
      "resolved": "https://registry.npmjs.org/@anio-js-foundation/str-colorize/-/str-colorize-2.1.0.tgz",
      "integrity": "sha512-p3ZIaBZGdMzX52jdHHlhl2c2sgqhhvtBQ6AQSoQ5lmvkpmDZga9/b172xhrSRx0gQH8/g94m+5wRwUjBOh6Z0w==",
      "dev": true,
      "license": "MIT"
    },
    "node_modules/@anio-node-foundation/cli-parse-args": {
      "version": "3.0.0",
      "resolved": "https://registry.npmjs.org/@anio-node-foundation/cli-parse-args/-/cli-parse-args-3.0.0.tgz",
      "integrity": "sha512-1/4iUcVKuZyLT7EMxyZogXgU6RfWklohWU0g5hsGOUEBqgKQ4PgePDrO6mUMw6neCBuQLbxAEhD/K+9kg6lGgg==",
      "dev": true,
      "license": "MIT"
    },
    "node_modules/@anio-software/fs": {
      "version": "0.6.0",
      "resolved": "https://registry.npmjs.org/@anio-software/fs/-/fs-0.6.0.tgz",
      "integrity": "sha512-wjVq+gY+tqovkE2aXnBoAL7k4yycvLvcRitLIT05TmjvafbnG/7kfsqqGlIaZaoZC3Jd/F6+c+b+P1YMCZD8KQ==",
      "dev": true,
      "license": "MIT"
    },
    "node_modules/@fourtune-types/fourtune": {
      "version": "0.0.2",
      "resolved": "https://registry.npmjs.org/@fourtune-types/fourtune/-/fourtune-0.0.2.tgz",
      "integrity": "sha512-KZNdpt7RVlzw3uy1Ma2zlLkiW0zi2MgN0+mWYqypgZANaxWZXNlKdNSHypD/TNHFd48LWW0fre7I11/6I8rX8g==",
      "dev": true,
      "license": "MIT"
    },
    "node_modules/@fourtune/core": {
      "version": "0.1101.0",
      "resolved": "https://registry.npmjs.org/@fourtune/core/-/core-0.1101.0.tgz",
      "integrity": "sha512-qUBTZj5GzvJnKbFbELy+nZCdJ/xKcSD234PtBf2/puoTY3gL/4ab5TEaAPZdtgxz+mOXREZ80SLEubBrwUV6aw==",
      "dev": true,
      "license": "MIT"
    },
    "node_modules/@fourtune/js-and-web-runtime-and-rollup-plugins": {
      "version": "0.35000.0",
      "resolved": "https://registry.npmjs.org/@fourtune/js-and-web-runtime-and-rollup-plugins/-/js-and-web-runtime-and-rollup-plugins-0.35000.0.tgz",
      "integrity": "sha512-onzdCoWtrTcWLVO/7EJ1lYMQAhrdLr/RmCZNY20j1XV6nRrZzTMrN5hY3nEJezLLPqtQSprNshL0LhITU0/syg==",
      "dev": true,
      "license": "MIT"
    },
    "node_modules/@fourtune/realm-js": {
      "version": "0.31010.0",
      "resolved": "https://registry.npmjs.org/@fourtune/realm-js/-/realm-js-0.31010.0.tgz",
      "integrity": "sha512-sVFYdZIQdbo5dzU4h/QX9XhP3bWwG6zGk2eHBZ2cqmTrfvIzg7ewVSpMyxccw/SZqB4EAk6cUkZa7XJQexPYCA==",
      "dev": true,
      "license": "MIT",
      "dependencies": {
        "@anio-software/fs": "0.6.0",
        "@fourtune/js-and-web-runtime-and-rollup-plugins": "^0.35000.0"
      },
      "peerDependencies": {
        "@fourtune/core": "0.x",
        "@types/node": "22.x"
      }
    },
    "node_modules/@types/node": {
      "version": "22.10.2",
      "resolved": "https://registry.npmjs.org/@types/node/-/node-22.10.2.tgz",
      "integrity": "sha512-Xxr6BBRCAOQixvonOye19wnzyDiUtTeqldOOmj3CkeblonbccA12PFwlufvRdrpjXxqnmUaeiU5EOA+7s5diUQ==",
      "dev": true,
      "license": "MIT",
      "peer": true,
      "dependencies": {
        "undici-types": "~6.20.0"
      }
    },
    "node_modules/fourtune": {
      "version": "0.30000.1",
      "resolved": "https://registry.npmjs.org/fourtune/-/fourtune-0.30000.1.tgz",
      "integrity": "sha512-6Y+lhs+Yiq0QapLtj5lKSKXrDKm/cU3ZJaismYF+xUGRMMkKIVH/w4nlPooBu6wf/UHDPa11i8+5YUGqWe2/9Q==",
      "dev": true,
      "license": "MIT",
      "dependencies": {
        "@anio-js-foundation/str-colorize": "^2.1.0",
        "@anio-node-foundation/cli-parse-args": "^3.0.0",
        "@anio-software/fs": "^0.6.0"
      },
      "bin": {
        "fourtune": "src/cli.mjs"
      },
      "peerDependencies": {
        "@fourtune/core": "0.x"
      }
    },
    "node_modules/undici-types": {
      "version": "6.20.0",
      "resolved": "https://registry.npmjs.org/undici-types/-/undici-types-6.20.0.tgz",
      "integrity": "sha512-Ny6QZ2Nju20vw1SRHe3d9jVu6gJ+4e3+MMpqu7pqE5HT6WsTSlce++GQmK5UXS8mzV8DSYHrQH+Xrf2jVcuKNg==",
      "dev": true,
      "license": "MIT",
      "peer": true
    }
  }
}
